// !$*UTF8*$!
{
	archiveVersion = 1;
	classes = {
	};
	objectVersion = 50;
	objects = {

/* Begin PBXBuildFile section */
		455CF68483A95AB1E354A39A /* Pods_UniversalLinksTestUITests.framework in Frameworks */ = {isa = PBXBuildFile; fileRef = F8FF880CB1D7E94F9F86876D /* Pods_UniversalLinksTestUITests.framework */; };
		A47C2C8322E8A8C500219ED9 /* AppDelegate.swift in Sources */ = {isa = PBXBuildFile; fileRef = A47C2C8222E8A8C500219ED9 /* AppDelegate.swift */; };
		A47C2C8522E8A8C500219ED9 /* ViewController.swift in Sources */ = {isa = PBXBuildFile; fileRef = A47C2C8422E8A8C500219ED9 /* ViewController.swift */; };
		A47C2C8822E8A8C500219ED9 /* Main.storyboard in Resources */ = {isa = PBXBuildFile; fileRef = A47C2C8622E8A8C500219ED9 /* Main.storyboard */; };
		A47C2C8A22E8A8C700219ED9 /* Assets.xcassets in Resources */ = {isa = PBXBuildFile; fileRef = A47C2C8922E8A8C700219ED9 /* Assets.xcassets */; };
		A47C2C8D22E8A8C700219ED9 /* LaunchScreen.storyboard in Resources */ = {isa = PBXBuildFile; fileRef = A47C2C8B22E8A8C700219ED9 /* LaunchScreen.storyboard */; };
		A47C2C9822E8A8C700219ED9 /* UniversalLinksTestTests.swift in Sources */ = {isa = PBXBuildFile; fileRef = A47C2C9722E8A8C700219ED9 /* UniversalLinksTestTests.swift */; };
		A47C2CA322E8A8C700219ED9 /* UniversalLinksTestUITests.swift in Sources */ = {isa = PBXBuildFile; fileRef = A47C2CA222E8A8C700219ED9 /* UniversalLinksTestUITests.swift */; };
		A4EBC1A422EA27C1005E6AC5 /* ImageClassifier.mlmodel in Sources */ = {isa = PBXBuildFile; fileRef = A4EBC1A322EA27C1005E6AC5 /* ImageClassifier.mlmodel */; };
		A4EBC1A622EA3CEE005E6AC5 /* SqueezeNet.mlmodel in Sources */ = {isa = PBXBuildFile; fileRef = A4EBC1A522EA3CEE005E6AC5 /* SqueezeNet.mlmodel */; };
		A4EBC1AA22EA40CA005E6AC5 /* SportsImageClassifier.mlmodel in Sources */ = {isa = PBXBuildFile; fileRef = A4EBC1A922EA40CA005E6AC5 /* SportsImageClassifier.mlmodel */; };
		A4FF112222E8DAAD0042FEAB /* GoogleService-Info.plist in Resources */ = {isa = PBXBuildFile; fileRef = A4FF112122E8DAAD0042FEAB /* GoogleService-Info.plist */; };
		A4FF112422E8DEAA0042FEAB /* ImagesViewController.swift in Sources */ = {isa = PBXBuildFile; fileRef = A4FF112322E8DEAA0042FEAB /* ImagesViewController.swift */; };
		A4FF112622E8E0120042FEAB /* MainNavController.swift in Sources */ = {isa = PBXBuildFile; fileRef = A4FF112522E8E0120042FEAB /* MainNavController.swift */; };
		A4FF112822E8E71B0042FEAB /* ImageTableViewCell.swift in Sources */ = {isa = PBXBuildFile; fileRef = A4FF112722E8E71B0042FEAB /* ImageTableViewCell.swift */; };
		A4FF112A22E8E9430042FEAB /* ImageDetailViewController.swift in Sources */ = {isa = PBXBuildFile; fileRef = A4FF112922E8E9430042FEAB /* ImageDetailViewController.swift */; };
		B1BD517A9E9B89548EAEB2B7 /* Pods_UniversalLinksTest.framework in Frameworks */ = {isa = PBXBuildFile; fileRef = 54369ECB4A0043A5DEEA60FD /* Pods_UniversalLinksTest.framework */; };
		CA27F1F98DBEB732918BC4D4 /* Pods_UniversalLinksTestTests.framework in Frameworks */ = {isa = PBXBuildFile; fileRef = 6503CAD72C5CA2760048BFA8 /* Pods_UniversalLinksTestTests.framework */; };
/* End PBXBuildFile section */

/* Begin PBXContainerItemProxy section */
		A47C2C9422E8A8C700219ED9 /* PBXContainerItemProxy */ = {
			isa = PBXContainerItemProxy;
			containerPortal = A47C2C7722E8A8C500219ED9 /* Project object */;
			proxyType = 1;
			remoteGlobalIDString = A47C2C7E22E8A8C500219ED9;
			remoteInfo = UniversalLinksTest;
		};
		A47C2C9F22E8A8C700219ED9 /* PBXContainerItemProxy */ = {
			isa = PBXContainerItemProxy;
			containerPortal = A47C2C7722E8A8C500219ED9 /* Project object */;
			proxyType = 1;
			remoteGlobalIDString = A47C2C7E22E8A8C500219ED9;
			remoteInfo = UniversalLinksTest;
		};
/* End PBXContainerItemProxy section */

/* Begin PBXFileReference section */
		33ED48EE768D057A3508517E /* Pods-UniversalLinksTestTests.release.xcconfig */ = {isa = PBXFileReference; includeInIndex = 1; lastKnownFileType = text.xcconfig; name = "Pods-UniversalLinksTestTests.release.xcconfig"; path = "Pods/Target Support Files/Pods-UniversalLinksTestTests/Pods-UniversalLinksTestTests.release.xcconfig"; sourceTree = "<group>"; };
		54369ECB4A0043A5DEEA60FD /* Pods_UniversalLinksTest.framework */ = {isa = PBXFileReference; explicitFileType = wrapper.framework; includeInIndex = 0; path = Pods_UniversalLinksTest.framework; sourceTree = BUILT_PRODUCTS_DIR; };
		56D358C5B191282C19CF78C3 /* Pods-UniversalLinksTest.release.xcconfig */ = {isa = PBXFileReference; includeInIndex = 1; lastKnownFileType = text.xcconfig; name = "Pods-UniversalLinksTest.release.xcconfig"; path = "Pods/Target Support Files/Pods-UniversalLinksTest/Pods-UniversalLinksTest.release.xcconfig"; sourceTree = "<group>"; };
		5A4A434DBC483002F6A10FD8 /* Pods-UniversalLinksTestTests.debug.xcconfig */ = {isa = PBXFileReference; includeInIndex = 1; lastKnownFileType = text.xcconfig; name = "Pods-UniversalLinksTestTests.debug.xcconfig"; path = "Pods/Target Support Files/Pods-UniversalLinksTestTests/Pods-UniversalLinksTestTests.debug.xcconfig"; sourceTree = "<group>"; };
		6503CAD72C5CA2760048BFA8 /* Pods_UniversalLinksTestTests.framework */ = {isa = PBXFileReference; explicitFileType = wrapper.framework; includeInIndex = 0; path = Pods_UniversalLinksTestTests.framework; sourceTree = BUILT_PRODUCTS_DIR; };
		7E1C64B475852EC3740F428A /* Pods-UniversalLinksTestUITests.release.xcconfig */ = {isa = PBXFileReference; includeInIndex = 1; lastKnownFileType = text.xcconfig; name = "Pods-UniversalLinksTestUITests.release.xcconfig"; path = "Pods/Target Support Files/Pods-UniversalLinksTestUITests/Pods-UniversalLinksTestUITests.release.xcconfig"; sourceTree = "<group>"; };
		9C2E1CCE27CC1F9D902D23DE /* Pods-UniversalLinksTest.debug.xcconfig */ = {isa = PBXFileReference; includeInIndex = 1; lastKnownFileType = text.xcconfig; name = "Pods-UniversalLinksTest.debug.xcconfig"; path = "Pods/Target Support Files/Pods-UniversalLinksTest/Pods-UniversalLinksTest.debug.xcconfig"; sourceTree = "<group>"; };
		A47C2C7F22E8A8C500219ED9 /* UniversalLinksTest.app */ = {isa = PBXFileReference; explicitFileType = wrapper.application; includeInIndex = 0; path = UniversalLinksTest.app; sourceTree = BUILT_PRODUCTS_DIR; };
		A47C2C8222E8A8C500219ED9 /* AppDelegate.swift */ = {isa = PBXFileReference; lastKnownFileType = sourcecode.swift; path = AppDelegate.swift; sourceTree = "<group>"; };
		A47C2C8422E8A8C500219ED9 /* ViewController.swift */ = {isa = PBXFileReference; lastKnownFileType = sourcecode.swift; path = ViewController.swift; sourceTree = "<group>"; };
		A47C2C8722E8A8C500219ED9 /* Base */ = {isa = PBXFileReference; lastKnownFileType = file.storyboard; name = Base; path = Base.lproj/Main.storyboard; sourceTree = "<group>"; };
		A47C2C8922E8A8C700219ED9 /* Assets.xcassets */ = {isa = PBXFileReference; lastKnownFileType = folder.assetcatalog; path = Assets.xcassets; sourceTree = "<group>"; };
		A47C2C8C22E8A8C700219ED9 /* Base */ = {isa = PBXFileReference; lastKnownFileType = file.storyboard; name = Base; path = Base.lproj/LaunchScreen.storyboard; sourceTree = "<group>"; };
		A47C2C8E22E8A8C700219ED9 /* Info.plist */ = {isa = PBXFileReference; lastKnownFileType = text.plist.xml; path = Info.plist; sourceTree = "<group>"; };
		A47C2C9322E8A8C700219ED9 /* UniversalLinksTestTests.xctest */ = {isa = PBXFileReference; explicitFileType = wrapper.cfbundle; includeInIndex = 0; path = UniversalLinksTestTests.xctest; sourceTree = BUILT_PRODUCTS_DIR; };
		A47C2C9722E8A8C700219ED9 /* UniversalLinksTestTests.swift */ = {isa = PBXFileReference; lastKnownFileType = sourcecode.swift; path = UniversalLinksTestTests.swift; sourceTree = "<group>"; };
		A47C2C9922E8A8C700219ED9 /* Info.plist */ = {isa = PBXFileReference; lastKnownFileType = text.plist.xml; path = Info.plist; sourceTree = "<group>"; };
		A47C2C9E22E8A8C700219ED9 /* UniversalLinksTestUITests.xctest */ = {isa = PBXFileReference; explicitFileType = wrapper.cfbundle; includeInIndex = 0; path = UniversalLinksTestUITests.xctest; sourceTree = BUILT_PRODUCTS_DIR; };
		A47C2CA222E8A8C700219ED9 /* UniversalLinksTestUITests.swift */ = {isa = PBXFileReference; lastKnownFileType = sourcecode.swift; path = UniversalLinksTestUITests.swift; sourceTree = "<group>"; };
		A47C2CA422E8A8C700219ED9 /* Info.plist */ = {isa = PBXFileReference; lastKnownFileType = text.plist.xml; path = Info.plist; sourceTree = "<group>"; };
		A4EBC1A322EA27C1005E6AC5 /* ImageClassifier.mlmodel */ = {isa = PBXFileReference; lastKnownFileType = file.mlmodel; path = ImageClassifier.mlmodel; sourceTree = SOURCE_ROOT; };
		A4EBC1A522EA3CEE005E6AC5 /* SqueezeNet.mlmodel */ = {isa = PBXFileReference; lastKnownFileType = file.mlmodel; path = SqueezeNet.mlmodel; sourceTree = "<group>"; };
		A4EBC1A922EA40CA005E6AC5 /* SportsImageClassifier.mlmodel */ = {isa = PBXFileReference; lastKnownFileType = file.mlmodel; path = SportsImageClassifier.mlmodel; sourceTree = SOURCE_ROOT; };
		A4FF112022E8ADF30042FEAB /* UniversalLinksTest.entitlements */ = {isa = PBXFileReference; lastKnownFileType = text.plist.entitlements; path = UniversalLinksTest.entitlements; sourceTree = "<group>"; };
		A4FF112122E8DAAD0042FEAB /* GoogleService-Info.plist */ = {isa = PBXFileReference; fileEncoding = 4; lastKnownFileType = text.plist.xml; path = "GoogleService-Info.plist"; sourceTree = "<group>"; };
		A4FF112322E8DEAA0042FEAB /* ImagesViewController.swift */ = {isa = PBXFileReference; lastKnownFileType = sourcecode.swift; path = ImagesViewController.swift; sourceTree = "<group>"; };
		A4FF112522E8E0120042FEAB /* MainNavController.swift */ = {isa = PBXFileReference; lastKnownFileType = sourcecode.swift; path = MainNavController.swift; sourceTree = "<group>"; };
		A4FF112722E8E71B0042FEAB /* ImageTableViewCell.swift */ = {isa = PBXFileReference; lastKnownFileType = sourcecode.swift; path = ImageTableViewCell.swift; sourceTree = "<group>"; };
		A4FF112922E8E9430042FEAB /* ImageDetailViewController.swift */ = {isa = PBXFileReference; lastKnownFileType = sourcecode.swift; path = ImageDetailViewController.swift; sourceTree = "<group>"; };
		D86C4966DCC48930D2C53D61 /* Pods-UniversalLinksTestUITests.debug.xcconfig */ = {isa = PBXFileReference; includeInIndex = 1; lastKnownFileType = text.xcconfig; name = "Pods-UniversalLinksTestUITests.debug.xcconfig"; path = "Pods/Target Support Files/Pods-UniversalLinksTestUITests/Pods-UniversalLinksTestUITests.debug.xcconfig"; sourceTree = "<group>"; };
		F8FF880CB1D7E94F9F86876D /* Pods_UniversalLinksTestUITests.framework */ = {isa = PBXFileReference; explicitFileType = wrapper.framework; includeInIndex = 0; path = Pods_UniversalLinksTestUITests.framework; sourceTree = BUILT_PRODUCTS_DIR; };
/* End PBXFileReference section */

/* Begin PBXFrameworksBuildPhase section */
		A47C2C7C22E8A8C500219ED9 /* Frameworks */ = {
			isa = PBXFrameworksBuildPhase;
			buildActionMask = 2147483647;
			files = (
				B1BD517A9E9B89548EAEB2B7 /* Pods_UniversalLinksTest.framework in Frameworks */,
			);
			runOnlyForDeploymentPostprocessing = 0;
		};
		A47C2C9022E8A8C700219ED9 /* Frameworks */ = {
			isa = PBXFrameworksBuildPhase;
			buildActionMask = 2147483647;
			files = (
				CA27F1F98DBEB732918BC4D4 /* Pods_UniversalLinksTestTests.framework in Frameworks */,
			);
			runOnlyForDeploymentPostprocessing = 0;
		};
		A47C2C9B22E8A8C700219ED9 /* Frameworks */ = {
			isa = PBXFrameworksBuildPhase;
			buildActionMask = 2147483647;
			files = (
				455CF68483A95AB1E354A39A /* Pods_UniversalLinksTestUITests.framework in Frameworks */,
			);
			runOnlyForDeploymentPostprocessing = 0;
		};
/* End PBXFrameworksBuildPhase section */

/* Begin PBXGroup section */
		752076CD11AB29937382737E /* Pods */ = {
			isa = PBXGroup;
			children = (
				9C2E1CCE27CC1F9D902D23DE /* Pods-UniversalLinksTest.debug.xcconfig */,
				56D358C5B191282C19CF78C3 /* Pods-UniversalLinksTest.release.xcconfig */,
				5A4A434DBC483002F6A10FD8 /* Pods-UniversalLinksTestTests.debug.xcconfig */,
				33ED48EE768D057A3508517E /* Pods-UniversalLinksTestTests.release.xcconfig */,
				D86C4966DCC48930D2C53D61 /* Pods-UniversalLinksTestUITests.debug.xcconfig */,
				7E1C64B475852EC3740F428A /* Pods-UniversalLinksTestUITests.release.xcconfig */,
			);
			name = Pods;
			sourceTree = "<group>";
		};
		8CB09EC7C56AFA07C3AD0A8E /* Frameworks */ = {
			isa = PBXGroup;
			children = (
				54369ECB4A0043A5DEEA60FD /* Pods_UniversalLinksTest.framework */,
				6503CAD72C5CA2760048BFA8 /* Pods_UniversalLinksTestTests.framework */,
				F8FF880CB1D7E94F9F86876D /* Pods_UniversalLinksTestUITests.framework */,
			);
			name = Frameworks;
			sourceTree = "<group>";
		};
		A47C2C7622E8A8C500219ED9 = {
			isa = PBXGroup;
			children = (
				A47C2C8122E8A8C500219ED9 /* UniversalLinksTest */,
				A47C2C9622E8A8C700219ED9 /* UniversalLinksTestTests */,
				A47C2CA122E8A8C700219ED9 /* UniversalLinksTestUITests */,
				A47C2C8022E8A8C500219ED9 /* Products */,
				752076CD11AB29937382737E /* Pods */,
				8CB09EC7C56AFA07C3AD0A8E /* Frameworks */,
			);
			sourceTree = "<group>";
		};
		A47C2C8022E8A8C500219ED9 /* Products */ = {
			isa = PBXGroup;
			children = (
				A47C2C7F22E8A8C500219ED9 /* UniversalLinksTest.app */,
				A47C2C9322E8A8C700219ED9 /* UniversalLinksTestTests.xctest */,
				A47C2C9E22E8A8C700219ED9 /* UniversalLinksTestUITests.xctest */,
			);
			name = Products;
			sourceTree = "<group>";
		};
		A47C2C8122E8A8C500219ED9 /* UniversalLinksTest */ = {
			isa = PBXGroup;
			children = (
				A4EBC1A922EA40CA005E6AC5 /* SportsImageClassifier.mlmodel */,
				A4EBC1A322EA27C1005E6AC5 /* ImageClassifier.mlmodel */,
				A4EBC1A522EA3CEE005E6AC5 /* SqueezeNet.mlmodel */,
				A4FF112122E8DAAD0042FEAB /* GoogleService-Info.plist */,
				A4FF112022E8ADF30042FEAB /* UniversalLinksTest.entitlements */,
				A47C2C8222E8A8C500219ED9 /* AppDelegate.swift */,
				A47C2C8422E8A8C500219ED9 /* ViewController.swift */,
				A47C2C8622E8A8C500219ED9 /* Main.storyboard */,
				A47C2C8922E8A8C700219ED9 /* Assets.xcassets */,
				A47C2C8B22E8A8C700219ED9 /* LaunchScreen.storyboard */,
				A47C2C8E22E8A8C700219ED9 /* Info.plist */,
				A4FF112322E8DEAA0042FEAB /* ImagesViewController.swift */,
				A4FF112522E8E0120042FEAB /* MainNavController.swift */,
				A4FF112722E8E71B0042FEAB /* ImageTableViewCell.swift */,
				A4FF112922E8E9430042FEAB /* ImageDetailViewController.swift */,
			);
			path = UniversalLinksTest;
			sourceTree = "<group>";
		};
		A47C2C9622E8A8C700219ED9 /* UniversalLinksTestTests */ = {
			isa = PBXGroup;
			children = (
				A47C2C9722E8A8C700219ED9 /* UniversalLinksTestTests.swift */,
				A47C2C9922E8A8C700219ED9 /* Info.plist */,
			);
			path = UniversalLinksTestTests;
			sourceTree = "<group>";
		};
		A47C2CA122E8A8C700219ED9 /* UniversalLinksTestUITests */ = {
			isa = PBXGroup;
			children = (
				A47C2CA222E8A8C700219ED9 /* UniversalLinksTestUITests.swift */,
				A47C2CA422E8A8C700219ED9 /* Info.plist */,
			);
			path = UniversalLinksTestUITests;
			sourceTree = "<group>";
		};
/* End PBXGroup section */

/* Begin PBXNativeTarget section */
		A47C2C7E22E8A8C500219ED9 /* UniversalLinksTest */ = {
			isa = PBXNativeTarget;
			buildConfigurationList = A47C2CA722E8A8C700219ED9 /* Build configuration list for PBXNativeTarget "UniversalLinksTest" */;
			buildPhases = (
				562CF27850533280D3B86CBA /* [CP] Check Pods Manifest.lock */,
				A47C2C7B22E8A8C500219ED9 /* Sources */,
				A47C2C7C22E8A8C500219ED9 /* Frameworks */,
				A47C2C7D22E8A8C500219ED9 /* Resources */,
				D7E24219A9ABD5CED768A3CA /* [CP] Embed Pods Frameworks */,
			);
			buildRules = (
			);
			dependencies = (
			);
			name = UniversalLinksTest;
			productName = UniversalLinksTest;
			productReference = A47C2C7F22E8A8C500219ED9 /* UniversalLinksTest.app */;
			productType = "com.apple.product-type.application";
		};
		A47C2C9222E8A8C700219ED9 /* UniversalLinksTestTests */ = {
			isa = PBXNativeTarget;
			buildConfigurationList = A47C2CAA22E8A8C700219ED9 /* Build configuration list for PBXNativeTarget "UniversalLinksTestTests" */;
			buildPhases = (
				1E9BC6A3587F6B1058D76276 /* [CP] Check Pods Manifest.lock */,
				A47C2C8F22E8A8C700219ED9 /* Sources */,
				A47C2C9022E8A8C700219ED9 /* Frameworks */,
				A47C2C9122E8A8C700219ED9 /* Resources */,
			);
			buildRules = (
			);
			dependencies = (
				A47C2C9522E8A8C700219ED9 /* PBXTargetDependency */,
			);
			name = UniversalLinksTestTests;
			productName = UniversalLinksTestTests;
			productReference = A47C2C9322E8A8C700219ED9 /* UniversalLinksTestTests.xctest */;
			productType = "com.apple.product-type.bundle.unit-test";
		};
		A47C2C9D22E8A8C700219ED9 /* UniversalLinksTestUITests */ = {
			isa = PBXNativeTarget;
			buildConfigurationList = A47C2CAD22E8A8C700219ED9 /* Build configuration list for PBXNativeTarget "UniversalLinksTestUITests" */;
			buildPhases = (
				8AEC927E6CC809B3C0407242 /* [CP] Check Pods Manifest.lock */,
				A47C2C9A22E8A8C700219ED9 /* Sources */,
				A47C2C9B22E8A8C700219ED9 /* Frameworks */,
				A47C2C9C22E8A8C700219ED9 /* Resources */,
			);
			buildRules = (
			);
			dependencies = (
				A47C2CA022E8A8C700219ED9 /* PBXTargetDependency */,
			);
			name = UniversalLinksTestUITests;
			productName = UniversalLinksTestUITests;
			productReference = A47C2C9E22E8A8C700219ED9 /* UniversalLinksTestUITests.xctest */;
			productType = "com.apple.product-type.bundle.ui-testing";
		};
/* End PBXNativeTarget section */

/* Begin PBXProject section */
		A47C2C7722E8A8C500219ED9 /* Project object */ = {
			isa = PBXProject;
			attributes = {
				LastSwiftUpdateCheck = 1020;
				LastUpgradeCheck = 1020;
				ORGANIZATIONNAME = Jasper;
				TargetAttributes = {
					A47C2C7E22E8A8C500219ED9 = {
						CreatedOnToolsVersion = 10.2.1;
						SystemCapabilities = {
							com.apple.SafariKeychain = {
								enabled = 1;
							};
						};
					};
					A47C2C9222E8A8C700219ED9 = {
						CreatedOnToolsVersion = 10.2.1;
						TestTargetID = A47C2C7E22E8A8C500219ED9;
					};
					A47C2C9D22E8A8C700219ED9 = {
						CreatedOnToolsVersion = 10.2.1;
						TestTargetID = A47C2C7E22E8A8C500219ED9;
					};
				};
			};
			buildConfigurationList = A47C2C7A22E8A8C500219ED9 /* Build configuration list for PBXProject "UniversalLinksTest" */;
			compatibilityVersion = "Xcode 9.3";
			developmentRegion = en;
			hasScannedForEncodings = 0;
			knownRegions = (
				en,
				Base,
			);
			mainGroup = A47C2C7622E8A8C500219ED9;
			productRefGroup = A47C2C8022E8A8C500219ED9 /* Products */;
			projectDirPath = "";
			projectRoot = "";
			targets = (
				A47C2C7E22E8A8C500219ED9 /* UniversalLinksTest */,
				A47C2C9222E8A8C700219ED9 /* UniversalLinksTestTests */,
				A47C2C9D22E8A8C700219ED9 /* UniversalLinksTestUITests */,
			);
		};
/* End PBXProject section */

/* Begin PBXResourcesBuildPhase section */
		A47C2C7D22E8A8C500219ED9 /* Resources */ = {
			isa = PBXResourcesBuildPhase;
			buildActionMask = 2147483647;
			files = (
				A47C2C8D22E8A8C700219ED9 /* LaunchScreen.storyboard in Resources */,
				A4FF112222E8DAAD0042FEAB /* GoogleService-Info.plist in Resources */,
				A47C2C8A22E8A8C700219ED9 /* Assets.xcassets in Resources */,
				A47C2C8822E8A8C500219ED9 /* Main.storyboard in Resources */,
			);
			runOnlyForDeploymentPostprocessing = 0;
		};
		A47C2C9122E8A8C700219ED9 /* Resources */ = {
			isa = PBXResourcesBuildPhase;
			buildActionMask = 2147483647;
			files = (
			);
			runOnlyForDeploymentPostprocessing = 0;
		};
		A47C2C9C22E8A8C700219ED9 /* Resources */ = {
			isa = PBXResourcesBuildPhase;
			buildActionMask = 2147483647;
			files = (
			);
			runOnlyForDeploymentPostprocessing = 0;
		};
/* End PBXResourcesBuildPhase section */

/* Begin PBXShellScriptBuildPhase section */
		1E9BC6A3587F6B1058D76276 /* [CP] Check Pods Manifest.lock */ = {
			isa = PBXShellScriptBuildPhase;
			buildActionMask = 2147483647;
			files = (
			);
			inputPaths = (
				"${PODS_PODFILE_DIR_PATH}/Podfile.lock",
				"${PODS_ROOT}/Manifest.lock",
			);
			name = "[CP] Check Pods Manifest.lock";
			outputPaths = (
				"$(DERIVED_FILE_DIR)/Pods-UniversalLinksTestTests-checkManifestLockResult.txt",
			);
			runOnlyForDeploymentPostprocessing = 0;
			shellPath = /bin/sh;
			shellScript = "diff \"${PODS_PODFILE_DIR_PATH}/Podfile.lock\" \"${PODS_ROOT}/Manifest.lock\" > /dev/null\nif [ $? != 0 ] ; then\n    # print error to STDERR\n    echo \"error: The sandbox is not in sync with the Podfile.lock. Run 'pod install' or update your CocoaPods installation.\" >&2\n    exit 1\nfi\n# This output is used by Xcode 'outputs' to avoid re-running this script phase.\necho \"SUCCESS\" > \"${SCRIPT_OUTPUT_FILE_0}\"\n";
			showEnvVarsInLog = 0;
		};
		562CF27850533280D3B86CBA /* [CP] Check Pods Manifest.lock */ = {
			isa = PBXShellScriptBuildPhase;
			buildActionMask = 2147483647;
			files = (
			);
			inputPaths = (
				"${PODS_PODFILE_DIR_PATH}/Podfile.lock",
				"${PODS_ROOT}/Manifest.lock",
			);
			name = "[CP] Check Pods Manifest.lock";
			outputPaths = (
				"$(DERIVED_FILE_DIR)/Pods-UniversalLinksTest-checkManifestLockResult.txt",
			);
			runOnlyForDeploymentPostprocessing = 0;
			shellPath = /bin/sh;
			shellScript = "diff \"${PODS_PODFILE_DIR_PATH}/Podfile.lock\" \"${PODS_ROOT}/Manifest.lock\" > /dev/null\nif [ $? != 0 ] ; then\n    # print error to STDERR\n    echo \"error: The sandbox is not in sync with the Podfile.lock. Run 'pod install' or update your CocoaPods installation.\" >&2\n    exit 1\nfi\n# This output is used by Xcode 'outputs' to avoid re-running this script phase.\necho \"SUCCESS\" > \"${SCRIPT_OUTPUT_FILE_0}\"\n";
			showEnvVarsInLog = 0;
		};
		8AEC927E6CC809B3C0407242 /* [CP] Check Pods Manifest.lock */ = {
			isa = PBXShellScriptBuildPhase;
			buildActionMask = 2147483647;
			files = (
			);
			inputPaths = (
				"${PODS_PODFILE_DIR_PATH}/Podfile.lock",
				"${PODS_ROOT}/Manifest.lock",
			);
			name = "[CP] Check Pods Manifest.lock";
			outputPaths = (
				"$(DERIVED_FILE_DIR)/Pods-UniversalLinksTestUITests-checkManifestLockResult.txt",
			);
			runOnlyForDeploymentPostprocessing = 0;
			shellPath = /bin/sh;
			shellScript = "diff \"${PODS_PODFILE_DIR_PATH}/Podfile.lock\" \"${PODS_ROOT}/Manifest.lock\" > /dev/null\nif [ $? != 0 ] ; then\n    # print error to STDERR\n    echo \"error: The sandbox is not in sync with the Podfile.lock. Run 'pod install' or update your CocoaPods installation.\" >&2\n    exit 1\nfi\n# This output is used by Xcode 'outputs' to avoid re-running this script phase.\necho \"SUCCESS\" > \"${SCRIPT_OUTPUT_FILE_0}\"\n";
			showEnvVarsInLog = 0;
		};
		D7E24219A9ABD5CED768A3CA /* [CP] Embed Pods Frameworks */ = {
			isa = PBXShellScriptBuildPhase;
			buildActionMask = 2147483647;
			files = (
			);
			inputPaths = (
				"${SRCROOT}/Pods/Target Support Files/Pods-UniversalLinksTest/Pods-UniversalLinksTest-frameworks.sh",
				"${BUILT_PRODUCTS_DIR}/GTMSessionFetcher/GTMSessionFetcher.framework",
				"${BUILT_PRODUCTS_DIR}/GoogleAPIClientForREST/GoogleAPIClientForREST.framework",
				"${BUILT_PRODUCTS_DIR}/GoogleToolboxForMac/GoogleToolboxForMac.framework",
				"${BUILT_PRODUCTS_DIR}/GoogleUtilities/GoogleUtilities.framework",
				"${BUILT_PRODUCTS_DIR}/Protobuf/Protobuf.framework",
				"${BUILT_PRODUCTS_DIR}/nanopb/nanopb.framework",
			);
			name = "[CP] Embed Pods Frameworks";
			outputPaths = (
				"${TARGET_BUILD_DIR}/${FRAMEWORKS_FOLDER_PATH}/GTMSessionFetcher.framework",
				"${TARGET_BUILD_DIR}/${FRAMEWORKS_FOLDER_PATH}/GoogleAPIClientForREST.framework",
				"${TARGET_BUILD_DIR}/${FRAMEWORKS_FOLDER_PATH}/GoogleToolboxForMac.framework",
				"${TARGET_BUILD_DIR}/${FRAMEWORKS_FOLDER_PATH}/GoogleUtilities.framework",
				"${TARGET_BUILD_DIR}/${FRAMEWORKS_FOLDER_PATH}/Protobuf.framework",
				"${TARGET_BUILD_DIR}/${FRAMEWORKS_FOLDER_PATH}/nanopb.framework",
			);
			runOnlyForDeploymentPostprocessing = 0;
			shellPath = /bin/sh;
			shellScript = "\"${SRCROOT}/Pods/Target Support Files/Pods-UniversalLinksTest/Pods-UniversalLinksTest-frameworks.sh\"\n";
			showEnvVarsInLog = 0;
		};
/* End PBXShellScriptBuildPhase section */

/* Begin PBXSourcesBuildPhase section */
		A47C2C7B22E8A8C500219ED9 /* Sources */ = {
			isa = PBXSourcesBuildPhase;
			buildActionMask = 2147483647;
			files = (
				A4FF112622E8E0120042FEAB /* MainNavController.swift in Sources */,
				A4EBC1A422EA27C1005E6AC5 /* ImageClassifier.mlmodel in Sources */,
				A4FF112A22E8E9430042FEAB /* ImageDetailViewController.swift in Sources */,
				A4EBC1A622EA3CEE005E6AC5 /* SqueezeNet.mlmodel in Sources */,
				A4EBC1AA22EA40CA005E6AC5 /* SportsImageClassifier.mlmodel in Sources */,
				A4FF112422E8DEAA0042FEAB /* ImagesViewController.swift in Sources */,
				A4FF112822E8E71B0042FEAB /* ImageTableViewCell.swift in Sources */,
				A47C2C8522E8A8C500219ED9 /* ViewController.swift in Sources */,
				A47C2C8322E8A8C500219ED9 /* AppDelegate.swift in Sources */,
			);
			runOnlyForDeploymentPostprocessing = 0;
		};
		A47C2C8F22E8A8C700219ED9 /* Sources */ = {
			isa = PBXSourcesBuildPhase;
			buildActionMask = 2147483647;
			files = (
				A47C2C9822E8A8C700219ED9 /* UniversalLinksTestTests.swift in Sources */,
			);
			runOnlyForDeploymentPostprocessing = 0;
		};
		A47C2C9A22E8A8C700219ED9 /* Sources */ = {
			isa = PBXSourcesBuildPhase;
			buildActionMask = 2147483647;
			files = (
				A47C2CA322E8A8C700219ED9 /* UniversalLinksTestUITests.swift in Sources */,
			);
			runOnlyForDeploymentPostprocessing = 0;
		};
/* End PBXSourcesBuildPhase section */

/* Begin PBXTargetDependency section */
		A47C2C9522E8A8C700219ED9 /* PBXTargetDependency */ = {
			isa = PBXTargetDependency;
			target = A47C2C7E22E8A8C500219ED9 /* UniversalLinksTest */;
			targetProxy = A47C2C9422E8A8C700219ED9 /* PBXContainerItemProxy */;
		};
		A47C2CA022E8A8C700219ED9 /* PBXTargetDependency */ = {
			isa = PBXTargetDependency;
			target = A47C2C7E22E8A8C500219ED9 /* UniversalLinksTest */;
			targetProxy = A47C2C9F22E8A8C700219ED9 /* PBXContainerItemProxy */;
		};
/* End PBXTargetDependency section */

/* Begin PBXVariantGroup section */
		A47C2C8622E8A8C500219ED9 /* Main.storyboard */ = {
			isa = PBXVariantGroup;
			children = (
				A47C2C8722E8A8C500219ED9 /* Base */,
			);
			name = Main.storyboard;
			sourceTree = "<group>";
		};
		A47C2C8B22E8A8C700219ED9 /* LaunchScreen.storyboard */ = {
			isa = PBXVariantGroup;
			children = (
				A47C2C8C22E8A8C700219ED9 /* Base */,
			);
			name = LaunchScreen.storyboard;
			sourceTree = "<group>";
		};
/* End PBXVariantGroup section */

/* Begin XCBuildConfiguration section */
		A47C2CA522E8A8C700219ED9 /* Debug */ = {
			isa = XCBuildConfiguration;
			buildSettings = {
				ALWAYS_SEARCH_USER_PATHS = NO;
				CLANG_ANALYZER_NONNULL = YES;
				CLANG_ANALYZER_NUMBER_OBJECT_CONVERSION = YES_AGGRESSIVE;
				CLANG_CXX_LANGUAGE_STANDARD = "gnu++14";
				CLANG_CXX_LIBRARY = "libc++";
				CLANG_ENABLE_MODULES = YES;
				CLANG_ENABLE_OBJC_ARC = YES;
				CLANG_ENABLE_OBJC_WEAK = YES;
				CLANG_WARN_BLOCK_CAPTURE_AUTORELEASING = YES;
				CLANG_WARN_BOOL_CONVERSION = YES;
				CLANG_WARN_COMMA = YES;
				CLANG_WARN_CONSTANT_CONVERSION = YES;
				CLANG_WARN_DEPRECATED_OBJC_IMPLEMENTATIONS = YES;
				CLANG_WARN_DIRECT_OBJC_ISA_USAGE = YES_ERROR;
				CLANG_WARN_DOCUMENTATION_COMMENTS = YES;
				CLANG_WARN_EMPTY_BODY = YES;
				CLANG_WARN_ENUM_CONVERSION = YES;
				CLANG_WARN_INFINITE_RECURSION = YES;
				CLANG_WARN_INT_CONVERSION = YES;
				CLANG_WARN_NON_LITERAL_NULL_CONVERSION = YES;
				CLANG_WARN_OBJC_IMPLICIT_RETAIN_SELF = YES;
				CLANG_WARN_OBJC_LITERAL_CONVERSION = YES;
				CLANG_WARN_OBJC_ROOT_CLASS = YES_ERROR;
				CLANG_WARN_RANGE_LOOP_ANALYSIS = YES;
				CLANG_WARN_STRICT_PROTOTYPES = YES;
				CLANG_WARN_SUSPICIOUS_MOVE = YES;
				CLANG_WARN_UNGUARDED_AVAILABILITY = YES_AGGRESSIVE;
				CLANG_WARN_UNREACHABLE_CODE = YES;
				CLANG_WARN__DUPLICATE_METHOD_MATCH = YES;
				CODE_SIGN_IDENTITY = "iPhone Developer";
				COPY_PHASE_STRIP = NO;
				DEBUG_INFORMATION_FORMAT = dwarf;
				ENABLE_STRICT_OBJC_MSGSEND = YES;
				ENABLE_TESTABILITY = YES;
				GCC_C_LANGUAGE_STANDARD = gnu11;
				GCC_DYNAMIC_NO_PIC = NO;
				GCC_NO_COMMON_BLOCKS = YES;
				GCC_OPTIMIZATION_LEVEL = 0;
				GCC_PREPROCESSOR_DEFINITIONS = (
					"DEBUG=1",
					"$(inherited)",
				);
				GCC_WARN_64_TO_32_BIT_CONVERSION = YES;
				GCC_WARN_ABOUT_RETURN_TYPE = YES_ERROR;
				GCC_WARN_UNDECLARED_SELECTOR = YES;
				GCC_WARN_UNINITIALIZED_AUTOS = YES_AGGRESSIVE;
				GCC_WARN_UNUSED_FUNCTION = YES;
				GCC_WARN_UNUSED_VARIABLE = YES;
				IPHONEOS_DEPLOYMENT_TARGET = 12.2;
				MTL_ENABLE_DEBUG_INFO = INCLUDE_SOURCE;
				MTL_FAST_MATH = YES;
				ONLY_ACTIVE_ARCH = YES;
				SDKROOT = iphoneos;
				SWIFT_ACTIVE_COMPILATION_CONDITIONS = DEBUG;
				SWIFT_OPTIMIZATION_LEVEL = "-Onone";
			};
			name = Debug;
		};
		A47C2CA622E8A8C700219ED9 /* Release */ = {
			isa = XCBuildConfiguration;
			buildSettings = {
				ALWAYS_SEARCH_USER_PATHS = NO;
				CLANG_ANALYZER_NONNULL = YES;
				CLANG_ANALYZER_NUMBER_OBJECT_CONVERSION = YES_AGGRESSIVE;
				CLANG_CXX_LANGUAGE_STANDARD = "gnu++14";
				CLANG_CXX_LIBRARY = "libc++";
				CLANG_ENABLE_MODULES = YES;
				CLANG_ENABLE_OBJC_ARC = YES;
				CLANG_ENABLE_OBJC_WEAK = YES;
				CLANG_WARN_BLOCK_CAPTURE_AUTORELEASING = YES;
				CLANG_WARN_BOOL_CONVERSION = YES;
				CLANG_WARN_COMMA = YES;
				CLANG_WARN_CONSTANT_CONVERSION = YES;
				CLANG_WARN_DEPRECATED_OBJC_IMPLEMENTATIONS = YES;
				CLANG_WARN_DIRECT_OBJC_ISA_USAGE = YES_ERROR;
				CLANG_WARN_DOCUMENTATION_COMMENTS = YES;
				CLANG_WARN_EMPTY_BODY = YES;
				CLANG_WARN_ENUM_CONVERSION = YES;
				CLANG_WARN_INFINITE_RECURSION = YES;
				CLANG_WARN_INT_CONVERSION = YES;
				CLANG_WARN_NON_LITERAL_NULL_CONVERSION = YES;
				CLANG_WARN_OBJC_IMPLICIT_RETAIN_SELF = YES;
				CLANG_WARN_OBJC_LITERAL_CONVERSION = YES;
				CLANG_WARN_OBJC_ROOT_CLASS = YES_ERROR;
				CLANG_WARN_RANGE_LOOP_ANALYSIS = YES;
				CLANG_WARN_STRICT_PROTOTYPES = YES;
				CLANG_WARN_SUSPICIOUS_MOVE = YES;
				CLANG_WARN_UNGUARDED_AVAILABILITY = YES_AGGRESSIVE;
				CLANG_WARN_UNREACHABLE_CODE = YES;
				CLANG_WARN__DUPLICATE_METHOD_MATCH = YES;
				CODE_SIGN_IDENTITY = "iPhone Developer";
				COPY_PHASE_STRIP = NO;
				DEBUG_INFORMATION_FORMAT = "dwarf-with-dsym";
				ENABLE_NS_ASSERTIONS = NO;
				ENABLE_STRICT_OBJC_MSGSEND = YES;
				GCC_C_LANGUAGE_STANDARD = gnu11;
				GCC_NO_COMMON_BLOCKS = YES;
				GCC_WARN_64_TO_32_BIT_CONVERSION = YES;
				GCC_WARN_ABOUT_RETURN_TYPE = YES_ERROR;
				GCC_WARN_UNDECLARED_SELECTOR = YES;
				GCC_WARN_UNINITIALIZED_AUTOS = YES_AGGRESSIVE;
				GCC_WARN_UNUSED_FUNCTION = YES;
				GCC_WARN_UNUSED_VARIABLE = YES;
				IPHONEOS_DEPLOYMENT_TARGET = 12.2;
				MTL_ENABLE_DEBUG_INFO = NO;
				MTL_FAST_MATH = YES;
				SDKROOT = iphoneos;
				SWIFT_COMPILATION_MODE = wholemodule;
				SWIFT_OPTIMIZATION_LEVEL = "-O";
				VALIDATE_PRODUCT = YES;
			};
			name = Release;
		};
		A47C2CA822E8A8C700219ED9 /* Debug */ = {
			isa = XCBuildConfiguration;
			baseConfigurationReference = 9C2E1CCE27CC1F9D902D23DE /* Pods-UniversalLinksTest.debug.xcconfig */;
			buildSettings = {
				ASSETCATALOG_COMPILER_APPICON_NAME = background;
				CODE_SIGN_ENTITLEMENTS = UniversalLinksTest/UniversalLinksTest.entitlements;
				CODE_SIGN_STYLE = Automatic;
				DEVELOPMENT_TEAM = RN693TYBDK;
				INFOPLIST_FILE = UniversalLinksTest/Info.plist;
				LD_RUNPATH_SEARCH_PATHS = (
					"$(inherited)",
					"@executable_path/Frameworks",
				);
				PRODUCT_BUNDLE_IDENTIFIER = com.jasperreddin.UniversalLinksApp;
				PRODUCT_NAME = "$(TARGET_NAME)";
				SWIFT_VERSION = 5.0;
				TARGETED_DEVICE_FAMILY = "1,2";
			};
			name = Debug;
		};
		A47C2CA922E8A8C700219ED9 /* Release */ = {
			isa = XCBuildConfiguration;
			baseConfigurationReference = 56D358C5B191282C19CF78C3 /* Pods-UniversalLinksTest.release.xcconfig */;
			buildSettings = {
				ASSETCATALOG_COMPILER_APPICON_NAME = background;
				CODE_SIGN_ENTITLEMENTS = UniversalLinksTest/UniversalLinksTest.entitlements;
				CODE_SIGN_STYLE = Automatic;
				DEVELOPMENT_TEAM = RN693TYBDK;
				INFOPLIST_FILE = UniversalLinksTest/Info.plist;
				LD_RUNPATH_SEARCH_PATHS = (
					"$(inherited)",
					"@executable_path/Frameworks",
				);
				PRODUCT_BUNDLE_IDENTIFIER = com.jasperreddin.UniversalLinksApp;
				PRODUCT_NAME = "$(TARGET_NAME)";
				SWIFT_VERSION = 5.0;
				TARGETED_DEVICE_FAMILY = "1,2";
			};
			name = Release;
		};
		A47C2CAB22E8A8C700219ED9 /* Debug */ = {
			isa = XCBuildConfiguration;
			baseConfigurationReference = 5A4A434DBC483002F6A10FD8 /* Pods-UniversalLinksTestTests.debug.xcconfig */;
			buildSettings = {
				ALWAYS_EMBED_SWIFT_STANDARD_LIBRARIES = YES;
				BUNDLE_LOADER = "$(TEST_HOST)";
				CODE_SIGN_STYLE = Automatic;
				DEVELOPMENT_TEAM = WJN3EALGRX;
				INFOPLIST_FILE = UniversalLinksTestTests/Info.plist;
				LD_RUNPATH_SEARCH_PATHS = (
					"$(inherited)",
					"@executable_path/Frameworks",
					"@loader_path/Frameworks",
				);
				PRODUCT_BUNDLE_IDENTIFIER = com.jasperreddin.UniversalLinksTestTests;
				PRODUCT_NAME = "$(TARGET_NAME)";
				SWIFT_VERSION = 5.0;
				TARGETED_DEVICE_FAMILY = "1,2";
				TEST_HOST = "$(BUILT_PRODUCTS_DIR)/UniversalLinksTest.app/UniversalLinksTest";
			};
			name = Debug;
		};
		A47C2CAC22E8A8C700219ED9 /* Release */ = {
			isa = XCBuildConfiguration;
			baseConfigurationReference = 33ED48EE768D057A3508517E /* Pods-UniversalLinksTestTests.release.xcconfig */;
			buildSettings = {
				ALWAYS_EMBED_SWIFT_STANDARD_LIBRARIES = YES;
				BUNDLE_LOADER = "$(TEST_HOST)";
				CODE_SIGN_STYLE = Automatic;
				DEVELOPMENT_TEAM = WJN3EALGRX;
				INFOPLIST_FILE = UniversalLinksTestTests/Info.plist;
				LD_RUNPATH_SEARCH_PATHS = (
					"$(inherited)",
					"@executable_path/Frameworks",
					"@loader_path/Frameworks",
				);
				PRODUCT_BUNDLE_IDENTIFIER = com.jasperreddin.UniversalLinksTestTests;
				PRODUCT_NAME = "$(TARGET_NAME)";
				SWIFT_VERSION = 5.0;
				TARGETED_DEVICE_FAMILY = "1,2";
				TEST_HOST = "$(BUILT_PRODUCTS_DIR)/UniversalLinksTest.app/UniversalLinksTest";
			};
			name = Release;
		};
		A47C2CAE22E8A8C700219ED9 /* Debug */ = {
			isa = XCBuildConfiguration;
			baseConfigurationReference = D86C4966DCC48930D2C53D61 /* Pods-UniversalLinksTestUITests.debug.xcconfig */;
			buildSettings = {
				ALWAYS_EMBED_SWIFT_STANDARD_LIBRARIES = YES;
				CODE_SIGN_STYLE = Automatic;
				DEVELOPMENT_TEAM = WJN3EALGRX;
				INFOPLIST_FILE = UniversalLinksTestUITests/Info.plist;
				LD_RUNPATH_SEARCH_PATHS = (
					"$(inherited)",
					"@executable_path/Frameworks",
					"@loader_path/Frameworks",
				);
				PRODUCT_BUNDLE_IDENTIFIER = com.jasperreddin.UniversalLinksTestUITests;
				PRODUCT_NAME = "$(TARGET_NAME)";
				SWIFT_VERSION = 5.0;
				TARGETED_DEVICE_FAMILY = "1,2";
				TEST_TARGET_NAME = UniversalLinksTest;
			};
			name = Debug;
		};
		A47C2CAF22E8A8C700219ED9 /* Release */ = {
			isa = XCBuildConfiguration;
			baseConfigurationReference = 7E1C64B475852EC3740F428A /* Pods-UniversalLinksTestUITests.release.xcconfig */;
			buildSettings = {
				ALWAYS_EMBED_SWIFT_STANDARD_LIBRARIES = YES;
				CODE_SIGN_STYLE = Automatic;
				DEVELOPMENT_TEAM = WJN3EALGRX;
				INFOPLIST_FILE = UniversalLinksTestUITests/Info.plist;
				LD_RUNPATH_SEARCH_PATHS = (
					"$(inherited)",
					"@executable_path/Frameworks",
					"@loader_path/Frameworks",
				);
				PRODUCT_BUNDLE_IDENTIFIER = com.jasperreddin.UniversalLinksTestUITests;
				PRODUCT_NAME = "$(TARGET_NAME)";
				SWIFT_VERSION = 5.0;
				TARGETED_DEVICE_FAMILY = "1,2";
				TEST_TARGET_NAME = UniversalLinksTest;
			};
			name = Release;
		};
/* End XCBuildConfiguration section */

/* Begin XCConfigurationList section */
		A47C2C7A22E8A8C500219ED9 /* Build configuration list for PBXProject "UniversalLinksTest" */ = {
			isa = XCConfigurationList;
			buildConfigurations = (
				A47C2CA522E8A8C700219ED9 /* Debug */,
				A47C2CA622E8A8C700219ED9 /* Release */,
			);
			defaultConfigurationIsVisible = 0;
			defaultConfigurationName = Release;
		};
		A47C2CA722E8A8C700219ED9 /* Build configuration list for PBXNativeTarget "UniversalLinksTest" */ = {
			isa = XCConfigurationList;
			buildConfigurations = (
				A47C2CA822E8A8C700219ED9 /* Debug */,
				A47C2CA922E8A8C700219ED9 /* Release */,
			);
			defaultConfigurationIsVisible = 0;
			defaultConfigurationName = Release;
		};
		A47C2CAA22E8A8C700219ED9 /* Build configuration list for PBXNativeTarget "UniversalLinksTestTests" */ = {
			isa = XCConfigurationList;
			buildConfigurations = (
				A47C2CAB22E8A8C700219ED9 /* Debug */,
				A47C2CAC22E8A8C700219ED9 /* Release */,
			);
			defaultConfigurationIsVisible = 0;
			defaultConfigurationName = Release;
		};
		A47C2CAD22E8A8C700219ED9 /* Build configuration list for PBXNativeTarget "UniversalLinksTestUITests" */ = {
			isa = XCConfigurationList;
			buildConfigurations = (
				A47C2CAE22E8A8C700219ED9 /* Debug */,
				A47C2CAF22E8A8C700219ED9 /* Release */,
			);
			defaultConfigurationIsVisible = 0;
			defaultConfigurationName = Release;
		};
/* End XCConfigurationList section */
	};
	rootObject = A47C2C7722E8A8C500219ED9 /* Project object */;
}
